// !$*UTF8*$!
{
	archiveVersion = 1;
	classes = {
	};
	objectVersion = 46;
	objects = {

/* Begin PBXBuildFile section */
		EEB58DEE1D7FF4A2008FEC54 /* main.cpp in Sources */ = {isa = PBXBuildFile; fileRef = EEB58DED1D7FF4A2008FEC54 /* main.cpp */; };
/* End PBXBuildFile section */

/* Begin PBXCopyFilesBuildPhase section */
		EEB58DE81D7FF4A2008FEC54 /* CopyFiles */ = {
			isa = PBXCopyFilesBuildPhase;
			buildActionMask = 2147483647;
			dstPath = /usr/share/man/man1/;
			dstSubfolderSpec = 0;
			files = (
			);
			runOnlyForDeploymentPostprocessing = 1;
		};
/* End PBXCopyFilesBuildPhase section */

/* Begin PBXFileReference section */
		EEB58DEA1D7FF4A2008FEC54 /* 1018 */ = {isa = PBXFileReference; explicitFileType = "compiled.mach-o.executable"; includeInIndex = 0; path = 1018; sourceTree = BUILT_PRODUCTS_DIR; };
		EEB58DED1D7FF4A2008FEC54 /* main.cpp */ = {isa = PBXFileReference; lastKnownFileType = sourcecode.cpp.cpp; path = main.cpp; sourceTree = "<group>"; };
/* End PBXFileReference section */

/* Begin PBXFrameworksBuildPhase section */
		EEB58DE71D7FF4A2008FEC54 /* Frameworks */ = {
			isa = PBXFrameworksBuildPhase;
			buildActionMask = 2147483647;
			files = (
			);
			runOnlyForDeploymentPostprocessing = 0;
		};
/* End PBXFrameworksBuildPhase section */

/* Begin PBXGroup section */
		EEB58DE11D7FF4A2008FEC54 = {
			isa = PBXGroup;
			children = (
				EEB58DEC1D7FF4A2008FEC54 /* 1018 */,
				EEB58DEB1D7FF4A2008FEC54 /* Products */,
			);
			sourceTree = "<group>";
		};
		EEB58DEB1D7FF4A2008FEC54 /* Products */ = {
			isa = PBXGroup;
			children = (
				EEB58DEA1D7FF4A2008FEC54 /* 1018 */,
			);
			name = Products;
			sourceTree = "<group>";
		};
		EEB58DEC1D7FF4A2008FEC54 /* 1018 */ = {
			isa = PBXGroup;
			children = (
				EEB58DED1D7FF4A2008FEC54 /* main.cpp */,
			);
			path = 1018;
			sourceTree = "<group>";
		};
/* End PBXGroup section */

/* Begin PBXNativeTarget section */
		EEB58DE91D7FF4A2008FEC54 /* 1018 */ = {
			isa = PBXNativeTarget;
			buildConfigurationList = EEB58DF11D7FF4A2008FEC54 /* Build configuration list for PBXNativeTarget "1018" */;
			buildPhases = (
				EEB58DE61D7FF4A2008FEC54 /* Sources */,
				EEB58DE71D7FF4A2008FEC54 /* Frameworks */,
				EEB58DE81D7FF4A2008FEC54 /* CopyFiles */,
			);
			buildRules = (
			);
			dependencies = (
			);
			name = 1018;
			productName = 1018;
			productReference = EEB58DEA1D7FF4A2008FEC54 /* 1018 */;
			productType = "com.apple.product-type.tool";
		};
/* End PBXNativeTarget section */

/* Begin PBXProject section */
		EEB58DE21D7FF4A2008FEC54 /* Project object */ = {
			isa = PBXProject;
			attributes = {
				LastUpgradeCheck = 0800;
				ORGANIZATIONNAME = "Vayne-Lover";
				TargetAttributes = {
					EEB58DE91D7FF4A2008FEC54 = {
						CreatedOnToolsVersion = 8.0;
						DevelopmentTeam = Z6VKABTZJN;
						DevelopmentTeamName = "Jiangkuang Tong";
						ProvisioningStyle = Automatic;
					};
				};
			};
			buildConfigurationList = EEB58DE51D7FF4A2008FEC54 /* Build configuration list for PBXProject "1018" */;
			compatibilityVersion = "Xcode 3.2";
			developmentRegion = English;
			hasScannedForEncodings = 0;
			knownRegions = (
				en,
			);
			mainGroup = EEB58DE11D7FF4A2008FEC54;
			productRefGroup = EEB58DEB1D7FF4A2008FEC54 /* Products */;
			projectDirPath = "";
			projectRoot = "";
			targets = (
				EEB58DE91D7FF4A2008FEC54 /* 1018 */,
			);
		};
/* End PBXProject section */

/* Begin PBXSourcesBuildPhase section */
		EEB58DE61D7FF4A2008FEC54 /* Sources */ = {
			isa = PBXSourcesBuildPhase;
			buildActionMask = 2147483647;
			files = (
				EEB58DEE1D7FF4A2008FEC54 /* main.cpp in Sources */,
			);
			runOnlyForDeploymentPostprocessing = 0;
		};
/* End PBXSourcesBuildPhase section */

/* Begin XCBuildConfiguration section */
		EEB58DEF1D7FF4A2008FEC54 /* Debug */ = {
			isa = XCBuildConfiguration;
			buildSettings = {
				ALWAYS_SEARCH_USER_PATHS = NO;
				CLANG_ANALYZER_NONNULL = YES;
				CLANG_CXX_LANGUAGE_STANDARD = "gnu++0x";
				CLANG_CXX_LIBRARY = "libc++";
				CLANG_ENABLE_MODULES = YES;
				CLANG_ENABLE_OBJC_ARC = YES;
				CLANG_WARN_BOOL_CONVERSION = YES;
				CLANG_WARN_CONSTANT_CONVERSION = YES;
				CLANG_WARN_DIRECT_OBJC_ISA_USAGE = YES_ERROR;
				CLANG_WARN_DOCUMENTATION_COMMENTS = YES;
				CLANG_WARN_EMPTY_BODY = YES;
				CLANG_WARN_ENUM_CONVERSION = YES;
				CLANG_WARN_INT_CONVERSION = YES;
				CLANG_WARN_OBJC_ROOT_CLASS = YES_ERROR;
				CLANG_WARN_UNREACHABLE_CODE = YES;
				CLANG_WARN__DUPLICATE_METHOD_MATCH = YES;
				CODE_SIGN_IDENTITY = "-";
				COPY_PHASE_STRIP = NO;
				DEBUG_INFORMATION_FORMAT = dwarf;
				ENABLE_STRICT_OBJC_MSGSEND = YES;
				ENABLE_TESTABILITY = YES;
				GCC_C_LANGUAGE_STANDARD = gnu99;
				GCC_DYNAMIC_NO_PIC = NO;
				GCC_NO_COMMON_BLOCKS = YES;
				GCC_OPTIMIZATION_LEVEL = 0;
				GCC_PREPROCESSOR_DEFINITIONS = (
					"DEBUG=1",
					"$(inherited)",
				);
				GCC_WARN_64_TO_32_BIT_CONVERSION = YES;
				GCC_WARN_ABOUT_RETURN_TYPE = YES_ERROR;
				GCC_WARN_UNDECLARED_SELECTOR = YES;
				GCC_WARN_UNINITIALIZED_AUTOS = YES_AGGRESSIVE;
				GCC_WARN_UNUSED_FUNCTION = YES;
				GCC_WARN_UNUSED_VARIABLE = YES;
				MACOSX_DEPLOYMENT_TARGET = 10.12;
				MTL_ENABLE_DEBUG_INFO = YES;
				ONLY_ACTIVE_ARCH = YES;
				SDKROOT = macosx;
			};
			name = Debug;
		};
		EEB58DF01D7FF4A2008FEC54 /* Release */ = {
			isa = XCBuildConfiguration;
			buildSettings = {
				ALWAYS_SEARCH_USER_PATHS = NO;
				CLANG_ANALYZER_NONNULL = YES;
				CLANG_CXX_LANGUAGE_STANDARD = "gnu++0x";
				CLANG_CXX_LIBRARY = "libc++";
				CLANG_ENABLE_MODULES = YES;
				CLANG_ENABLE_OBJC_ARC = YES;
				CLANG_WARN_BOOL_CONVERSION = YES;
				CLANG_WARN_CONSTANT_CONVERSION = YES;
				CLANG_WARN_DIRECT_OBJC_ISA_USAGE = YES_ERROR;
				CLANG_WARN_DOCUMENTATION_COMMENTS = YES;
				CLANG_WARN_EMPTY_BODY = YES;
				CLANG_WARN_ENUM_CONVERSION = YES;
				CLANG_WARN_INT_CONVERSION = YES;
				CLANG_WARN_OBJC_ROOT_CLASS = YES_ERROR;
				CLANG_WARN_UNREACHABLE_CODE = YES;
				CLANG_WARN__DUPLICATE_METHOD_MATCH = YES;
				CODE_SIGN_IDENTITY = "-";
				COPY_PHASE_STRIP = NO;
				DEBUG_INFORMATION_FORMAT = "dwarf-with-dsym";
				ENABLE_NS_ASSERTIONS = NO;
				ENABLE_STRICT_OBJC_MSGSEND = YES;
				GCC_C_LANGUAGE_STANDARD = gnu99;
				GCC_NO_COMMON_BLOCKS = YES;
				GCC_WARN_64_TO_32_BIT_CONVERSION = YES;
				GCC_WARN_ABOUT_RETURN_TYPE = YES_ERROR;
				GCC_WARN_UNDECLARED_SELECTOR = YES;
				GCC_WARN_UNINITIALIZED_AUTOS = YES_AGGRESSIVE;
				GCC_WARN_UNUSED_FUNCTION = YES;
				GCC_WARN_UNUSED_VARIABLE = YES;
				MACOSX_DEPLOYMENT_TARGET = 10.12;
				MTL_ENABLE_DEBUG_INFO = NO;
				SDKROOT = macosx;
			};
			name = Release;
		};
		EEB58DF21D7FF4A2008FEC54 /* Debug */ = {
			isa = XCBuildConfiguration;
			buildSettings = {
				PRODUCT_NAME = "$(TARGET_NAME)";
			};
			name = Debug;
		};
		EEB58DF31D7FF4A2008FEC54 /* Release */ = {
			isa = XCBuildConfiguration;
			buildSettings = {
				PRODUCT_NAME = "$(TARGET_NAME)";
			};
			name = Release;
		};
/* End XCBuildConfiguration section */

/* Begin XCConfigurationList section */
		EEB58DE51D7FF4A2008FEC54 /* Build configuration list for PBXProject "1018" */ = {
			isa = XCConfigurationList;
			buildConfigurations = (
				EEB58DEF1D7FF4A2008FEC54 /* Debug */,
				EEB58DF01D7FF4A2008FEC54 /* Release */,
			);
			defaultConfigurationIsVisible = 0;
			defaultConfigurationName = Release;
		};
		EEB58DF11D7FF4A2008FEC54 /* Build configuration list for PBXNativeTarget "1018" */ = {
			isa = XCConfigurationList;
			buildConfigurations = (
				EEB58DF21D7FF4A2008FEC54 /* Debug */,
				EEB58DF31D7FF4A2008FEC54 /* Release */,
			);
			defaultConfigurationIsVisible = 0;
		};
/* End XCConfigurationList section */
	};
	rootObject = EEB58DE21D7FF4A2008FEC54 /* Project object */;
}
